github.com/Fipaan/lib.go v0.1.1 h1:TA+go9zXIK0gvsQl9EmrxrgQd6BCF9gg5psiBBxOjjE=
github.com/Fipaan/lib.go v0.1.1/go.mod h1:kYgTqczdY1SYLTgfJIZSUxh7fGxtICRB+zltV3j0pvE=
github.com/Fipaan/nob.go v0.2.0 h1:zaUBSxotBmv8TqQqtBvI+o/GBsjm5reFo3qmmwlOTZw=
github.com/Fipaan/nob.go v0.2.0/go.mod h1:Auu33fol6Xw57Qo/ooGkNsbwokxsclcmviSOJSKv/Es=
github.com/Fipaan/nob.go v0.2.1 h1:qUBvv+ghacL2CccFWzllZwhyvPpHCUnthLu0otFyikI=
github.com/Fipaan/nob.go v0.2.1/go.mod h1:Auu33fol6Xw57Qo/ooGkNsbwokxsclcmviSOJSKv/Es=
github.com/Fipaan/nob.go v0.2.2 h1:srHS7ZVpqiAUunDzdoi17IJn6+UyVH/cdiSTTs6K3lU=
github.com/Fipaan/nob.go v0.2.2/go.mod h1:Auu33fol6Xw57Qo/ooGkNsbwokxsclcmviSOJSKv/Es=
github.com/Fipaan/nob.go v0.2.3 h1:NheC9IHdz9XQ6SdOGuNLZM8QruuT37csiJbdSp+8sTE=
github.com/Fipaan/nob.go v0.2.3/go.mod h1:Auu33fol6Xw57Qo/ooGkNsbwokxsclcmviSOJSKv/Es=
github.com/Fipaan/nob.go v0.2.4 h1:UO3ry7br0RAQ3p4YUoPGNj4UqmnFXcHbh8IKjwvcKF4=
github.com/Fipaan/nob.go v0.2.4/go.mod h1:Auu33fol6Xw57Qo/ooGkNsbwokxsclcmviSOJSKv/Es=
