github.com/Fipaan/lib.go v0.1.1 h1:TA+go9zXIK0gvsQl9EmrxrgQd6BCF9gg5psiBBxOjjE=
github.com/Fipaan/lib.go v0.1.1/go.mod h1:kYgTqczdY1SYLTgfJIZSUxh7fGxtICRB+zltV3j0pvE=
github.com/Fipaan/nob.go v0.2.0 h1:zaUBSxotBmv8TqQqtBvI+o/GBsjm5reFo3qmmwlOTZw=
github.com/Fipaan/nob.go v0.2.0/go.mod h1:Auu33fol6Xw57Qo/ooGkNsbwokxsclcmviSOJSKv/Es=
